
Microsoft Visual Studio Solution File, Format Version 11.00
# Visual C# Express 2010
Project("{FAE04EC0-301F-11D3-BF4B-00C04F79EFBC}") = "UICDS-Services", "UICDS-Services\UICDS-Services.csproj", "{46254E13-209E-4D70-8578-2FF1AF5A20CD}"
EndProject
Project("{FAE04EC0-301F-11D3-BF4B-00C04F79EFBC}") = "ConsoleTestApp", "ConsoleTestApp\ConsoleTestApp.csproj", "{4AA886D5-5398-4A32-8E86-D2954558C870}"
EndProject
Global
	GlobalSection(SolutionConfigurationPlatforms) = preSolution
		Debug|Any CPU = Debug|Any CPU
		Debug|Mixed Platforms = Debug|Mixed Platforms
		Debug|x86 = Debug|x86
		Release|Any CPU = Release|Any CPU
		Release|Mixed Platforms = Release|Mixed Platforms
		Release|x86 = Release|x86
	EndGlobalSection
	GlobalSection(ProjectConfigurationPlatforms) = postSolution
		{46254E13-209E-4D70-8578-2FF1AF5A20CD}.Debug|Any CPU.ActiveCfg = Debug|Any CPU
		{46254E13-209E-4D70-8578-2FF1AF5A20CD}.Debug|Any CPU.Build.0 = Debug|Any CPU
		{46254E13-209E-4D70-8578-2FF1AF5A20CD}.Debug|Mixed Platforms.ActiveCfg = Debug|Any CPU
		{46254E13-209E-4D70-8578-2FF1AF5A20CD}.Debug|Mixed Platforms.Build.0 = Debug|Any CPU
		{46254E13-209E-4D70-8578-2FF1AF5A20CD}.Debug|x86.ActiveCfg = Debug|Any CPU
		{46254E13-209E-4D70-8578-2FF1AF5A20CD}.Release|Any CPU.ActiveCfg = Release|Any CPU
		{46254E13-209E-4D70-8578-2FF1AF5A20CD}.Release|Any CPU.Build.0 = Release|Any CPU
		{46254E13-209E-4D70-8578-2FF1AF5A20CD}.Release|Mixed Platforms.ActiveCfg = Release|Any CPU
		{46254E13-209E-4D70-8578-2FF1AF5A20CD}.Release|Mixed Platforms.Build.0 = Release|Any CPU
		{46254E13-209E-4D70-8578-2FF1AF5A20CD}.Release|x86.ActiveCfg = Release|Any CPU
		{4AA886D5-5398-4A32-8E86-D2954558C870}.Debug|Any CPU.ActiveCfg = Debug|x86
		{4AA886D5-5398-4A32-8E86-D2954558C870}.Debug|Mixed Platforms.ActiveCfg = Debug|x86
		{4AA886D5-5398-4A32-8E86-D2954558C870}.Debug|Mixed Platforms.Build.0 = Debug|x86
		{4AA886D5-5398-4A32-8E86-D2954558C870}.Debug|x86.ActiveCfg = Debug|x86
		{4AA886D5-5398-4A32-8E86-D2954558C870}.Debug|x86.Build.0 = Debug|x86
		{4AA886D5-5398-4A32-8E86-D2954558C870}.Release|Any CPU.ActiveCfg = Release|x86
		{4AA886D5-5398-4A32-8E86-D2954558C870}.Release|Mixed Platforms.ActiveCfg = Release|x86
		{4AA886D5-5398-4A32-8E86-D2954558C870}.Release|Mixed Platforms.Build.0 = Release|x86
		{4AA886D5-5398-4A32-8E86-D2954558C870}.Release|x86.ActiveCfg = Release|x86
		{4AA886D5-5398-4A32-8E86-D2954558C870}.Release|x86.Build.0 = Release|x86
	EndGlobalSection
	GlobalSection(SolutionProperties) = preSolution
		HideSolutionNode = FALSE
	EndGlobalSection
EndGlobal
